
Microsoft Visual Studio Solution File, Format Version 12.00
# Visual Studio Version 17
VisualStudioVersion = 17.7.34018.315
MinimumVisualStudioVersion = 10.0.40219.1
Project("{FAE04EC0-301F-11D3-BF4B-00C04F79EFBC}") = "BerserkCodesGDVTSM", "BerserkCodesGDVTSM.csproj", "{92D780FB-2A73-4C29-9747-2047F00A5BB4}"
EndProject
Global
	GlobalSection(SolutionConfigurationPlatforms) = preSolution
		Debug|Any CPU = Debug|Any CPU
		Release|Any CPU = Release|Any CPU
	EndGlobalSection
	GlobalSection(ProjectConfigurationPlatforms) = postSolution
		{92D780FB-2A73-4C29-9747-2047F00A5BB4}.Debug|Any CPU.ActiveCfg = Debug|Any CPU
		{92D780FB-2A73-4C29-9747-2047F00A5BB4}.Debug|Any CPU.Build.0 = Debug|Any CPU
		{92D780FB-2A73-4C29-9747-2047F00A5BB4}.Release|Any CPU.ActiveCfg = Release|Any CPU
		{92D780FB-2A73-4C29-9747-2047F00A5BB4}.Release|Any CPU.Build.0 = Release|Any CPU
	EndGlobalSection
	GlobalSection(SolutionProperties) = preSolution
		HideSolutionNode = FALSE
	EndGlobalSection
	GlobalSection(ExtensibilityGlobals) = postSolution
		SolutionGuid = {7047313B-1AC1-4863-9547-EE4A58015890}
	EndGlobalSection
EndGlobal
